
Microsoft Visual Studio Solution File, Format Version 12.00
# Visual Studio Version 16
VisualStudioVersion = 16.0.31424.327
MinimumVisualStudioVersion = 10.0.40219.1
Project("{9A19103F-16F7-4668-BE54-9A1E7A4F7556}") = "APKTools", "APKTools\APKTools.csproj", "{14A87245-02C4-4238-94AF-62DAA9708A99}"
EndProject
Project("{2150E333-8FDC-42A3-9474-1A3956D46DE8}") = "Solution Items", "Solution Items", "{77858D33-3034-43D2-BFCC-73C4FDED2C75}"
	ProjectSection(SolutionItems) = preProject
		Readme.md = Readme.md
	EndProjectSection
EndProject
Global
	GlobalSection(SolutionConfigurationPlatforms) = preSolution
		Debug|Any CPU = Debug|Any CPU
		Release|Any CPU = Release|Any CPU
	EndGlobalSection
	GlobalSection(ProjectConfigurationPlatforms) = postSolution
		{14A87245-02C4-4238-94AF-62DAA9708A99}.Debug|Any CPU.ActiveCfg = Debug|Any CPU
		{14A87245-02C4-4238-94AF-62DAA9708A99}.Debug|Any CPU.Build.0 = Debug|Any CPU
		{14A87245-02C4-4238-94AF-62DAA9708A99}.Release|Any CPU.ActiveCfg = Release|Any CPU
		{14A87245-02C4-4238-94AF-62DAA9708A99}.Release|Any CPU.Build.0 = Release|Any CPU
	EndGlobalSection
	GlobalSection(SolutionProperties) = preSolution
		HideSolutionNode = FALSE
	EndGlobalSection
	GlobalSection(ExtensibilityGlobals) = postSolution
		SolutionGuid = {4F9576D4-C698-44B6-909D-0624B0F5A598}
	EndGlobalSection
EndGlobal
